// !$*UTF8*$!
{
	archiveVersion = 1;
	classes = {
	};
	objectVersion = 50;
	objects = {

/* Begin PBXBuildFile section */
		79225C1E27189B4800D5CC69 /* AppDelegate.swift in Sources */ = {isa = PBXBuildFile; fileRef = 79225C1D27189B4800D5CC69 /* AppDelegate.swift */; };
		79225C2027189B4800D5CC69 /* SceneDelegate.swift in Sources */ = {isa = PBXBuildFile; fileRef = 79225C1F27189B4800D5CC69 /* SceneDelegate.swift */; };
		79225C2A27189B4B00D5CC69 /* LaunchScreen.storyboard in Resources */ = {isa = PBXBuildFile; fileRef = 79225C2827189B4B00D5CC69 /* LaunchScreen.storyboard */; };
		792F581F2731E21500E1C7BF /* .gitignore in Resources */ = {isa = PBXBuildFile; fileRef = 792F581E2731E21500E1C7BF /* .gitignore */; };
		793B452F2745B22E005C1F56 /* CardCollectionReusableView.swift in Sources */ = {isa = PBXBuildFile; fileRef = 793B452E2745B22E005C1F56 /* CardCollectionReusableView.swift */; };
		793F7CC9275DFA99003E447D /* Main.storyboard in Resources */ = {isa = PBXBuildFile; fileRef = 793F7CC8275DFA99003E447D /* Main.storyboard */; };
		793F7CCB275E00EA003E447D /* StartGameViewController.swift in Sources */ = {isa = PBXBuildFile; fileRef = 793F7CCA275E00EA003E447D /* StartGameViewController.swift */; };
		794E4FF727549AA5008B375C /* correctt.mp3 in Resources */ = {isa = PBXBuildFile; fileRef = 794E4FF627549AA5008B375C /* correctt.mp3 */; };
		794E4FF927549AB1008B375C /* incorrect.mp3 in Resources */ = {isa = PBXBuildFile; fileRef = 794E4FF827549AB1008B375C /* incorrect.mp3 */; };
		795FE30927582C58009C335C /* GameOverViewController.swift in Sources */ = {isa = PBXBuildFile; fileRef = 795FE30827582C58009C335C /* GameOverViewController.swift */; };
		7973D014275B169800FADA66 /* Assets.xcassets in Resources */ = {isa = PBXBuildFile; fileRef = 79225C2627189B4B00D5CC69 /* Assets.xcassets */; };
		799456DF2748C44000D29E15 /* InGameViewController.swift in Sources */ = {isa = PBXBuildFile; fileRef = 799456DE2748C44000D29E15 /* InGameViewController.swift */; };
		799456E12748EBC900D29E15 /* InstructionsViewController.swift in Sources */ = {isa = PBXBuildFile; fileRef = 799456E02748EBC800D29E15 /* InstructionsViewController.swift */; };
		79A471E4271DD19000DDD3AA /* CardCollectionViewCell.swift in Sources */ = {isa = PBXBuildFile; fileRef = 79A471E3271DD19000DDD3AA /* CardCollectionViewCell.swift */; };
		79A471E6271DD1DE00DDD3AA /* CardCollectionViewController.swift in Sources */ = {isa = PBXBuildFile; fileRef = 79A471E5271DD1DE00DDD3AA /* CardCollectionViewController.swift */; };
		79A471E8271DD4A100DDD3AA /* Symbol.swift in Sources */ = {isa = PBXBuildFile; fileRef = 79A471E7271DD4A100DDD3AA /* Symbol.swift */; };
/* End PBXBuildFile section */

/* Begin PBXFileReference section */
		79225C1A27189B4800D5CC69 /* Test2.app */ = {isa = PBXFileReference; explicitFileType = wrapper.application; includeInIndex = 0; path = Test2.app; sourceTree = BUILT_PRODUCTS_DIR; };
		79225C1D27189B4800D5CC69 /* AppDelegate.swift */ = {isa = PBXFileReference; lastKnownFileType = sourcecode.swift; path = AppDelegate.swift; sourceTree = "<group>"; };
		79225C1F27189B4800D5CC69 /* SceneDelegate.swift */ = {isa = PBXFileReference; lastKnownFileType = sourcecode.swift; path = SceneDelegate.swift; sourceTree = "<group>"; };
		79225C2627189B4B00D5CC69 /* Assets.xcassets */ = {isa = PBXFileReference; lastKnownFileType = folder.assetcatalog; path = Assets.xcassets; sourceTree = "<group>"; };
		79225C2927189B4B00D5CC69 /* Base */ = {isa = PBXFileReference; lastKnownFileType = file.storyboard; name = Base; path = Base.lproj/LaunchScreen.storyboard; sourceTree = "<group>"; };
		792F581E2731E21500E1C7BF /* .gitignore */ = {isa = PBXFileReference; lastKnownFileType = text; path = .gitignore; sourceTree = "<group>"; };
		793B452E2745B22E005C1F56 /* CardCollectionReusableView.swift */ = {isa = PBXFileReference; lastKnownFileType = sourcecode.swift; path = CardCollectionReusableView.swift; sourceTree = "<group>"; };
		793F7CC8275DFA99003E447D /* Main.storyboard */ = {isa = PBXFileReference; fileEncoding = 4; lastKnownFileType = file.storyboard; path = Main.storyboard; sourceTree = "<group>"; };
		793F7CCA275E00EA003E447D /* StartGameViewController.swift */ = {isa = PBXFileReference; fileEncoding = 4; lastKnownFileType = sourcecode.swift; path = StartGameViewController.swift; sourceTree = "<group>"; };
		794E4FF627549AA5008B375C /* correctt.mp3 */ = {isa = PBXFileReference; lastKnownFileType = audio.mp3; path = correctt.mp3; sourceTree = "<group>"; };
		794E4FF827549AB1008B375C /* incorrect.mp3 */ = {isa = PBXFileReference; lastKnownFileType = audio.mp3; path = incorrect.mp3; sourceTree = "<group>"; };
		795FE30827582C58009C335C /* GameOverViewController.swift */ = {isa = PBXFileReference; fileEncoding = 4; lastKnownFileType = sourcecode.swift; path = GameOverViewController.swift; sourceTree = "<group>"; };
		79686F7D275EE2F00042452A /* Info.plist */ = {isa = PBXFileReference; lastKnownFileType = text.plist.xml; path = Info.plist; sourceTree = "<group>"; };
		799456DE2748C44000D29E15 /* InGameViewController.swift */ = {isa = PBXFileReference; lastKnownFileType = sourcecode.swift; path = InGameViewController.swift; sourceTree = "<group>"; };
		799456E02748EBC800D29E15 /* InstructionsViewController.swift */ = {isa = PBXFileReference; lastKnownFileType = sourcecode.swift; path = InstructionsViewController.swift; sourceTree = "<group>"; };
		79A471E3271DD19000DDD3AA /* CardCollectionViewCell.swift */ = {isa = PBXFileReference; lastKnownFileType = sourcecode.swift; path = CardCollectionViewCell.swift; sourceTree = "<group>"; };
		79A471E5271DD1DE00DDD3AA /* CardCollectionViewController.swift */ = {isa = PBXFileReference; lastKnownFileType = sourcecode.swift; path = CardCollectionViewController.swift; sourceTree = "<group>"; };
		79A471E7271DD4A100DDD3AA /* Symbol.swift */ = {isa = PBXFileReference; lastKnownFileType = sourcecode.swift; path = Symbol.swift; sourceTree = "<group>"; };
/* End PBXFileReference section */

/* Begin PBXFrameworksBuildPhase section */
		79225C1727189B4800D5CC69 /* Frameworks */ = {
			isa = PBXFrameworksBuildPhase;
			buildActionMask = 2147483647;
			files = (
			);
			runOnlyForDeploymentPostprocessing = 0;
		};
/* End PBXFrameworksBuildPhase section */

/* Begin PBXGroup section */
		79225C1127189B4800D5CC69 = {
			isa = PBXGroup;
			children = (
				792F581E2731E21500E1C7BF /* .gitignore */,
				79225C1C27189B4800D5CC69 /* Test2 */,
				79225C1B27189B4800D5CC69 /* Products */,
			);
			sourceTree = "<group>";
		};
		79225C1B27189B4800D5CC69 /* Products */ = {
			isa = PBXGroup;
			children = (
				79225C1A27189B4800D5CC69 /* Test2.app */,
			);
			name = Products;
			sourceTree = "<group>";
		};
		79225C1C27189B4800D5CC69 /* Test2 */ = {
			isa = PBXGroup;
			children = (
				79225C1D27189B4800D5CC69 /* AppDelegate.swift */,
				79225C1F27189B4800D5CC69 /* SceneDelegate.swift */,
				793F7CC8275DFA99003E447D /* Main.storyboard */,
				793F7CCA275E00EA003E447D /* StartGameViewController.swift */,
				799456DE2748C44000D29E15 /* InGameViewController.swift */,
				793B452E2745B22E005C1F56 /* CardCollectionReusableView.swift */,
				795FE30827582C58009C335C /* GameOverViewController.swift */,
				79A471E7271DD4A100DDD3AA /* Symbol.swift */,
				79A471E5271DD1DE00DDD3AA /* CardCollectionViewController.swift */,
				79B49468274EF18D0078BD2D /* Sounds */,
				79A471E3271DD19000DDD3AA /* CardCollectionViewCell.swift */,
				79225C2627189B4B00D5CC69 /* Assets.xcassets */,
				79225C2827189B4B00D5CC69 /* LaunchScreen.storyboard */,
				799456E02748EBC800D29E15 /* InstructionsViewController.swift */,
				79686F7D275EE2F00042452A /* Info.plist */,
			);
			path = Test2;
			sourceTree = "<group>";
		};
		79B49468274EF18D0078BD2D /* Sounds */ = {
			isa = PBXGroup;
			children = (
				794E4FF627549AA5008B375C /* correctt.mp3 */,
				794E4FF827549AB1008B375C /* incorrect.mp3 */,
			);
			path = Sounds;
			sourceTree = "<group>";
		};
/* End PBXGroup section */

/* Begin PBXNativeTarget section */
		79225C1927189B4800D5CC69 /* Test2 */ = {
			isa = PBXNativeTarget;
			buildConfigurationList = 79225C2E27189B4B00D5CC69 /* Build configuration list for PBXNativeTarget "Test2" */;
			buildPhases = (
				79225C1627189B4800D5CC69 /* Sources */,
				79225C1727189B4800D5CC69 /* Frameworks */,
				79225C1827189B4800D5CC69 /* Resources */,
			);
			buildRules = (
			);
			dependencies = (
			);
			name = Test2;
			productName = Test2;
			productReference = 79225C1A27189B4800D5CC69 /* Test2.app */;
			productType = "com.apple.product-type.application";
		};
/* End PBXNativeTarget section */

/* Begin PBXProject section */
		79225C1227189B4800D5CC69 /* Project object */ = {
			isa = PBXProject;
			attributes = {
				LastSwiftUpdateCheck = 1250;
				LastUpgradeCheck = 1250;
				TargetAttributes = {
					79225C1927189B4800D5CC69 = {
						CreatedOnToolsVersion = 12.5.1;
					};
				};
			};
			buildConfigurationList = 79225C1527189B4800D5CC69 /* Build configuration list for PBXProject "Test2" */;
			compatibilityVersion = "Xcode 9.3";
			developmentRegion = en;
			hasScannedForEncodings = 0;
			knownRegions = (
				en,
				Base,
			);
			mainGroup = 79225C1127189B4800D5CC69;
			productRefGroup = 79225C1B27189B4800D5CC69 /* Products */;
			projectDirPath = "";
			projectRoot = "";
			targets = (
				79225C1927189B4800D5CC69 /* Test2 */,
			);
		};
/* End PBXProject section */

/* Begin PBXResourcesBuildPhase section */
		79225C1827189B4800D5CC69 /* Resources */ = {
			isa = PBXResourcesBuildPhase;
			buildActionMask = 2147483647;
			files = (
				792F581F2731E21500E1C7BF /* .gitignore in Resources */,
				793F7CC9275DFA99003E447D /* Main.storyboard in Resources */,
				79225C2A27189B4B00D5CC69 /* LaunchScreen.storyboard in Resources */,
				794E4FF727549AA5008B375C /* correctt.mp3 in Resources */,
				794E4FF927549AB1008B375C /* incorrect.mp3 in Resources */,
				7973D014275B169800FADA66 /* Assets.xcassets in Resources */,
			);
			runOnlyForDeploymentPostprocessing = 0;
		};
/* End PBXResourcesBuildPhase section */

/* Begin PBXSourcesBuildPhase section */
		79225C1627189B4800D5CC69 /* Sources */ = {
			isa = PBXSourcesBuildPhase;
			buildActionMask = 2147483647;
			files = (
				79A471E6271DD1DE00DDD3AA /* CardCollectionViewController.swift in Sources */,
				79225C1E27189B4800D5CC69 /* AppDelegate.swift in Sources */,
				79A471E4271DD19000DDD3AA /* CardCollectionViewCell.swift in Sources */,
				799456E12748EBC900D29E15 /* InstructionsViewController.swift in Sources */,
				79225C2027189B4800D5CC69 /* SceneDelegate.swift in Sources */,
				795FE30927582C58009C335C /* GameOverViewController.swift in Sources */,
				799456DF2748C44000D29E15 /* InGameViewController.swift in Sources */,
				793B452F2745B22E005C1F56 /* CardCollectionReusableView.swift in Sources */,
				79A471E8271DD4A100DDD3AA /* Symbol.swift in Sources */,
				793F7CCB275E00EA003E447D /* StartGameViewController.swift in Sources */,
			);
			runOnlyForDeploymentPostprocessing = 0;
		};
/* End PBXSourcesBuildPhase section */

/* Begin PBXVariantGroup section */
		79225C2827189B4B00D5CC69 /* LaunchScreen.storyboard */ = {
			isa = PBXVariantGroup;
			children = (
				79225C2927189B4B00D5CC69 /* Base */,
			);
			name = LaunchScreen.storyboard;
			sourceTree = "<group>";
		};
/* End PBXVariantGroup section */

/* Begin XCBuildConfiguration section */
		79225C2C27189B4B00D5CC69 /* Debug */ = {
			isa = XCBuildConfiguration;
			buildSettings = {
				ALWAYS_SEARCH_USER_PATHS = NO;
				CLANG_ANALYZER_NONNULL = YES;
				CLANG_ANALYZER_NUMBER_OBJECT_CONVERSION = YES_AGGRESSIVE;
				CLANG_CXX_LANGUAGE_STANDARD = "gnu++14";
				CLANG_CXX_LIBRARY = "libc++";
				CLANG_ENABLE_MODULES = YES;
				CLANG_ENABLE_OBJC_ARC = YES;
				CLANG_ENABLE_OBJC_WEAK = YES;
				CLANG_WARN_BLOCK_CAPTURE_AUTORELEASING = YES;
				CLANG_WARN_BOOL_CONVERSION = YES;
				CLANG_WARN_COMMA = YES;
				CLANG_WARN_CONSTANT_CONVERSION = YES;
				CLANG_WARN_DEPRECATED_OBJC_IMPLEMENTATIONS = YES;
				CLANG_WARN_DIRECT_OBJC_ISA_USAGE = YES_ERROR;
				CLANG_WARN_DOCUMENTATION_COMMENTS = YES;
				CLANG_WARN_EMPTY_BODY = YES;
				CLANG_WARN_ENUM_CONVERSION = YES;
				CLANG_WARN_INFINITE_RECURSION = YES;
				CLANG_WARN_INT_CONVERSION = YES;
				CLANG_WARN_NON_LITERAL_NULL_CONVERSION = YES;
				CLANG_WARN_OBJC_IMPLICIT_RETAIN_SELF = YES;
				CLANG_WARN_OBJC_LITERAL_CONVERSION = YES;
				CLANG_WARN_OBJC_ROOT_CLASS = YES_ERROR;
				CLANG_WARN_QUOTED_INCLUDE_IN_FRAMEWORK_HEADER = YES;
				CLANG_WARN_RANGE_LOOP_ANALYSIS = YES;
				CLANG_WARN_STRICT_PROTOTYPES = YES;
				CLANG_WARN_SUSPICIOUS_MOVE = YES;
				CLANG_WARN_UNGUARDED_AVAILABILITY = YES_AGGRESSIVE;
				CLANG_WARN_UNREACHABLE_CODE = YES;
				CLANG_WARN__DUPLICATE_METHOD_MATCH = YES;
				COPY_PHASE_STRIP = NO;
				DEBUG_INFORMATION_FORMAT = dwarf;
				ENABLE_STRICT_OBJC_MSGSEND = YES;
				ENABLE_TESTABILITY = YES;
				GCC_C_LANGUAGE_STANDARD = gnu11;
				GCC_DYNAMIC_NO_PIC = NO;
				GCC_NO_COMMON_BLOCKS = YES;
				GCC_OPTIMIZATION_LEVEL = 0;
				GCC_PREPROCESSOR_DEFINITIONS = (
					"DEBUG=1",
					"$(inherited)",
				);
				GCC_WARN_64_TO_32_BIT_CONVERSION = YES;
				GCC_WARN_ABOUT_RETURN_TYPE = YES_ERROR;
				GCC_WARN_UNDECLARED_SELECTOR = YES;
				GCC_WARN_UNINITIALIZED_AUTOS = YES_AGGRESSIVE;
				GCC_WARN_UNUSED_FUNCTION = YES;
				GCC_WARN_UNUSED_VARIABLE = YES;
				IPHONEOS_DEPLOYMENT_TARGET = 14.5;
				MTL_ENABLE_DEBUG_INFO = INCLUDE_SOURCE;
				MTL_FAST_MATH = YES;
				ONLY_ACTIVE_ARCH = YES;
				SDKROOT = iphoneos;
				SWIFT_ACTIVE_COMPILATION_CONDITIONS = DEBUG;
				SWIFT_OPTIMIZATION_LEVEL = "-Onone";
			};
			name = Debug;
		};
		79225C2D27189B4B00D5CC69 /* Release */ = {
			isa = XCBuildConfiguration;
			buildSettings = {
				ALWAYS_SEARCH_USER_PATHS = NO;
				CLANG_ANALYZER_NONNULL = YES;
				CLANG_ANALYZER_NUMBER_OBJECT_CONVERSION = YES_AGGRESSIVE;
				CLANG_CXX_LANGUAGE_STANDARD = "gnu++14";
				CLANG_CXX_LIBRARY = "libc++";
				CLANG_ENABLE_MODULES = YES;
				CLANG_ENABLE_OBJC_ARC = YES;
				CLANG_ENABLE_OBJC_WEAK = YES;
				CLANG_WARN_BLOCK_CAPTURE_AUTORELEASING = YES;
				CLANG_WARN_BOOL_CONVERSION = YES;
				CLANG_WARN_COMMA = YES;
				CLANG_WARN_CONSTANT_CONVERSION = YES;
				CLANG_WARN_DEPRECATED_OBJC_IMPLEMENTATIONS = YES;
				CLANG_WARN_DIRECT_OBJC_ISA_USAGE = YES_ERROR;
				CLANG_WARN_DOCUMENTATION_COMMENTS = YES;
				CLANG_WARN_EMPTY_BODY = YES;
				CLANG_WARN_ENUM_CONVERSION = YES;
				CLANG_WARN_INFINITE_RECURSION = YES;
				CLANG_WARN_INT_CONVERSION = YES;
				CLANG_WARN_NON_LITERAL_NULL_CONVERSION = YES;
				CLANG_WARN_OBJC_IMPLICIT_RETAIN_SELF = YES;
				CLANG_WARN_OBJC_LITERAL_CONVERSION = YES;
				CLANG_WARN_OBJC_ROOT_CLASS = YES_ERROR;
				CLANG_WARN_QUOTED_INCLUDE_IN_FRAMEWORK_HEADER = YES;
				CLANG_WARN_RANGE_LOOP_ANALYSIS = YES;
				CLANG_WARN_STRICT_PROTOTYPES = YES;
				CLANG_WARN_SUSPICIOUS_MOVE = YES;
				CLANG_WARN_UNGUARDED_AVAILABILITY = YES_AGGRESSIVE;
				CLANG_WARN_UNREACHABLE_CODE = YES;
				CLANG_WARN__DUPLICATE_METHOD_MATCH = YES;
				COPY_PHASE_STRIP = NO;
				DEBUG_INFORMATION_FORMAT = "dwarf-with-dsym";
				ENABLE_NS_ASSERTIONS = NO;
				ENABLE_STRICT_OBJC_MSGSEND = YES;
				GCC_C_LANGUAGE_STANDARD = gnu11;
				GCC_NO_COMMON_BLOCKS = YES;
				GCC_WARN_64_TO_32_BIT_CONVERSION = YES;
				GCC_WARN_ABOUT_RETURN_TYPE = YES_ERROR;
				GCC_WARN_UNDECLARED_SELECTOR = YES;
				GCC_WARN_UNINITIALIZED_AUTOS = YES_AGGRESSIVE;
				GCC_WARN_UNUSED_FUNCTION = YES;
				GCC_WARN_UNUSED_VARIABLE = YES;
				IPHONEOS_DEPLOYMENT_TARGET = 14.5;
				MTL_ENABLE_DEBUG_INFO = NO;
				MTL_FAST_MATH = YES;
				SDKROOT = iphoneos;
				SWIFT_COMPILATION_MODE = wholemodule;
				SWIFT_OPTIMIZATION_LEVEL = "-O";
				VALIDATE_PRODUCT = YES;
			};
			name = Release;
		};
		79225C2F27189B4B00D5CC69 /* Debug */ = {
			isa = XCBuildConfiguration;
			buildSettings = {
				ASSETCATALOG_COMPILER_APPICON_NAME = "appIcon-1";
				ASSETCATALOG_COMPILER_GLOBAL_ACCENT_COLOR_NAME = AccentColor;
				CODE_SIGN_IDENTITY = "Apple Development";
				CODE_SIGN_STYLE = Automatic;
				DEVELOPMENT_TEAM = NPJZ42689D;
				INFOPLIST_FILE = Test2/Info.plist;
				IPHONEOS_DEPLOYMENT_TARGET = 13.0;
				LD_RUNPATH_SEARCH_PATHS = (
					"$(inherited)",
					"@executable_path/Frameworks",
				);
				PRODUCT_BUNDLE_IDENTIFIER = com.Meng.SearchTheSeaFinal;
				PRODUCT_NAME = "$(TARGET_NAME)";
				PROVISIONING_PROFILE_SPECIFIER = "";
				SWIFT_VERSION = 5.0;
				TARGETED_DEVICE_FAMILY = "1,2";
			};
			name = Debug;
		};
		79225C3027189B4B00D5CC69 /* Release */ = {
			isa = XCBuildConfiguration;
			buildSettings = {
				ASSETCATALOG_COMPILER_APPICON_NAME = "appIcon-1";
				ASSETCATALOG_COMPILER_GLOBAL_ACCENT_COLOR_NAME = AccentColor;
				CODE_SIGN_IDENTITY = "Apple Development";
				CODE_SIGN_STYLE = Automatic;
				DEVELOPMENT_TEAM = NPJZ42689D;
				INFOPLIST_FILE = Test2/Info.plist;
				IPHONEOS_DEPLOYMENT_TARGET = 13.0;
				LD_RUNPATH_SEARCH_PATHS = (
					"$(inherited)",
					"@executable_path/Frameworks",
				);
				PRODUCT_BUNDLE_IDENTIFIER = com.Meng.SearchTheSeaFinal;
				PRODUCT_NAME = "$(TARGET_NAME)";
				PROVISIONING_PROFILE_SPECIFIER = "";
				SWIFT_VERSION = 5.0;
				TARGETED_DEVICE_FAMILY = "1,2";
			};
			name = Release;
		};
/* End XCBuildConfiguration section */

/* Begin XCConfigurationList section */
		79225C1527189B4800D5CC69 /* Build configuration list for PBXProject "Test2" */ = {
			isa = XCConfigurationList;
			buildConfigurations = (
				79225C2C27189B4B00D5CC69 /* Debug */,
				79225C2D27189B4B00D5CC69 /* Release */,
			);
			defaultConfigurationIsVisible = 0;
			defaultConfigurationName = Release;
		};
		79225C2E27189B4B00D5CC69 /* Build configuration list for PBXNativeTarget "Test2" */ = {
			isa = XCConfigurationList;
			buildConfigurations = (
				79225C2F27189B4B00D5CC69 /* Debug */,
				79225C3027189B4B00D5CC69 /* Release */,
			);
			defaultConfigurationIsVisible = 0;
			defaultConfigurationName = Release;
		};
/* End XCConfigurationList section */
	};
	rootObject = 79225C1227189B4800D5CC69 /* Project object */;
}
